
Microsoft Visual Studio Solution File, Format Version 12.00
# Visual Studio Version 17
VisualStudioVersion = 17.14.37203.1 d17.14
MinimumVisualStudioVersion = 10.0.40219.1
Project("{FAE04EC0-301F-11D3-BF4B-00C04F79EFBC}") = "Server", "Server\Server.csproj", "{D368C827-04FF-48FA-8A68-5C8FD18B5F04}"
EndProject
Project("{FAE04EC0-301F-11D3-BF4B-00C04F79EFBC}") = "Client", "Client\Client.csproj", "{AD7449DD-BBF6-48C0-8FC6-F68A1220A7F4}"
EndProject
Global
	GlobalSection(SolutionConfigurationPlatforms) = preSolution
		Debug|Any CPU = Debug|Any CPU
		Release|Any CPU = Release|Any CPU
	EndGlobalSection
	GlobalSection(ProjectConfigurationPlatforms) = postSolution
		{D368C827-04FF-48FA-8A68-5C8FD18B5F04}.Debug|Any CPU.ActiveCfg = Debug|Any CPU
		{D368C827-04FF-48FA-8A68-5C8FD18B5F04}.Debug|Any CPU.Build.0 = Debug|Any CPU
		{D368C827-04FF-48FA-8A68-5C8FD18B5F04}.Release|Any CPU.ActiveCfg = Release|Any CPU
		{D368C827-04FF-48FA-8A68-5C8FD18B5F04}.Release|Any CPU.Build.0 = Release|Any CPU
		{AD7449DD-BBF6-48C0-8FC6-F68A1220A7F4}.Debug|Any CPU.ActiveCfg = Debug|Any CPU
		{AD7449DD-BBF6-48C0-8FC6-F68A1220A7F4}.Debug|Any CPU.Build.0 = Debug|Any CPU
		{AD7449DD-BBF6-48C0-8FC6-F68A1220A7F4}.Release|Any CPU.ActiveCfg = Release|Any CPU
		{AD7449DD-BBF6-48C0-8FC6-F68A1220A7F4}.Release|Any CPU.Build.0 = Release|Any CPU
	EndGlobalSection
	GlobalSection(SolutionProperties) = preSolution
		HideSolutionNode = FALSE
	EndGlobalSection
	GlobalSection(ExtensibilityGlobals) = postSolution
		SolutionGuid = {B4EF2075-5BF4-4F81-8E3C-968B26017274}
	EndGlobalSection
EndGlobal
